dependencies:
- name: kube-state-metrics
  repository: https://kubernetes-charts.storage.googleapis.com/
  version: 2.4.*
- name: prometheus-node-exporter
  repository: https://kubernetes-charts.storage.googleapis.com/
  version: 1.8.*
- name: grafana
  repository: https://kubernetes-charts.storage.googleapis.com/
  version: 4.2.*
digest: sha256:938e6fe7e6efd21d1a80a6218ec7a9354a0734c85f3a88a614d6bc52f223a65b
generated: "2019-12-26T15:54:53.345390995-05:00"
