{
    "version": 3,
    "terraform_version": "0.11.13",
    "serial": 8,
    "lineage": "dbe98bc1-07e8-aa6c-1aaf-cdc606dfbeb3",
    "modules": [
        {
            "path": [
                "root"
            ],
            "outputs": {},
            "resources": {
                "aws_db_instance.rds": {
                    "type": "aws_db_instance",
                    "depends_on": [
                        "aws_db_subnet_group.rds_subnet_group",
                        "aws_security_group.rds_sg"
                    ],
                    "primary": {
                        "id": "dev-database",
                        "attributes": {
                            "address": "dev-database.ccp9x0eboop7.us-east-1.rds.amazonaws.com",
                            "allocated_storage": "100",
                            "arn": "arn:aws:rds:us-east-1:839270835622:db:dev-database",
                            "auto_minor_version_upgrade": "true",
                            "availability_zone": "us-east-1b",
                            "backup_retention_period": "0",
                            "backup_window": "08:53-09:23",
                            "ca_cert_identifier": "rds-ca-2015",
                            "copy_tags_to_snapshot": "false",
                            "db_subnet_group_name": "dev-rds-subnet-group",
                            "deletion_protection": "false",
                            "domain": "",
                            "domain_iam_role_name": "",
                            "enabled_cloudwatch_logs_exports.#": "0",
                            "endpoint": "dev-database.ccp9x0eboop7.us-east-1.rds.amazonaws.com:5432",
                            "engine": "postgres",
                            "engine_version": "11.5",
                            "hosted_zone_id": "Z2R2ITUGPM61AM",
                            "iam_database_authentication_enabled": "false",
                            "id": "dev-database",
                            "identifier": "dev-database",
                            "instance_class": "db.t2.micro",
                            "iops": "0",
                            "kms_key_id": "",
                            "license_model": "postgresql-license",
                            "maintenance_window": "tue:04:51-tue:05:21",
                            "max_allocated_storage": "0",
                            "monitoring_interval": "0",
                            "monitoring_role_arn": "",
                            "multi_az": "false",
                            "name": "pathminddb",
                            "option_group_name": "default:postgres-11",
                            "parameter_group_name": "default.postgres11",
                            "password": "Asdf1234",
                            "performance_insights_enabled": "false",
                            "performance_insights_kms_key_id": "",
                            "performance_insights_retention_period": "0",
                            "port": "5432",
                            "publicly_accessible": "false",
                            "replicas.#": "0",
                            "replicate_source_db": "",
                            "resource_id": "db-QIGDAV2P5TO6XBM3XCVH553K54",
                            "security_group_names.#": "0",
                            "skip_final_snapshot": "true",
                            "status": "available",
                            "storage_encrypted": "false",
                            "storage_type": "gp2",
                            "tags.%": "1",
                            "tags.Environment": "dev",
                            "timezone": "",
                            "username": "pathmind",
                            "vpc_security_group_ids.#": "1",
                            "vpc_security_group_ids.502953170": "sg-09872f42090ae93a8"
                        },
                        "meta": {
                            "e2bfb730-ecaa-11e6-8f88-34363bc7c4c0": {
                                "create": 2400000000000,
                                "delete": 2400000000000,
                                "update": 4800000000000
                            }
                        },
                        "tainted": false
                    },
                    "deposed": [],
                    "provider": "provider.aws"
                },
                "aws_db_subnet_group.rds_subnet_group": {
                    "type": "aws_db_subnet_group",
                    "depends_on": [
                        "module.kubernetes"
                    ],
                    "primary": {
                        "id": "dev-rds-subnet-group",
                        "attributes": {
                            "arn": "arn:aws:rds:us-east-1:839270835622:subgrp:dev-rds-subnet-group",
                            "description": "RDS subnet group",
                            "id": "dev-rds-subnet-group",
                            "name": "dev-rds-subnet-group",
                            "subnet_ids.#": "2",
                            "subnet_ids.35736479": "subnet-024d7948c414ee122",
                            "subnet_ids.701651738": "subnet-08090438f968e8746",
                            "tags.%": "1",
                            "tags.Environment": "dev"
                        },
                        "meta": {},
                        "tainted": false
                    },
                    "deposed": [],
                    "provider": "provider.aws"
                },
                "aws_security_group.db_access_sg": {
                    "type": "aws_security_group",
                    "depends_on": [
                        "module.kubernetes"
                    ],
                    "primary": {
                        "id": "sg-0030329cf70b7029b",
                        "attributes": {
                            "arn": "arn:aws:ec2:us-east-1:839270835622:security-group/sg-0030329cf70b7029b",
                            "description": "Allow access to RDS",
                            "egress.#": "0",
                            "id": "sg-0030329cf70b7029b",
                            "ingress.#": "0",
                            "name": "dev-db-access-sg",
                            "owner_id": "839270835622",
                            "revoke_rules_on_delete": "false",
                            "tags.%": "2",
                            "tags.Environment": "dev",
                            "tags.Name": "dev-db-access-sg",
                            "vpc_id": "vpc-0265a7f4aad920f5c"
                        },
                        "meta": {
                            "e2bfb730-ecaa-11e6-8f88-34363bc7c4c0": {
                                "create": 600000000000,
                                "delete": 600000000000
                            },
                            "schema_version": "1"
                        },
                        "tainted": false
                    },
                    "deposed": [],
                    "provider": "provider.aws"
                },
                "aws_security_group.rds_sg": {
                    "type": "aws_security_group",
                    "depends_on": [
                        "aws_security_group.db_access_sg",
                        "module.kubernetes"
                    ],
                    "primary": {
                        "id": "sg-09872f42090ae93a8",
                        "attributes": {
                            "arn": "arn:aws:ec2:us-east-1:839270835622:security-group/sg-09872f42090ae93a8",
                            "description": "dev Security Group",
                            "egress.#": "1",
                            "egress.482069346.cidr_blocks.#": "1",
                            "egress.482069346.cidr_blocks.0": "0.0.0.0/0",
                            "egress.482069346.description": "",
                            "egress.482069346.from_port": "0",
                            "egress.482069346.ipv6_cidr_blocks.#": "0",
                            "egress.482069346.prefix_list_ids.#": "0",
                            "egress.482069346.protocol": "-1",
                            "egress.482069346.security_groups.#": "0",
                            "egress.482069346.self": "false",
                            "egress.482069346.to_port": "0",
                            "id": "sg-09872f42090ae93a8",
                            "ingress.#": "2",
                            "ingress.288199079.cidr_blocks.#": "0",
                            "ingress.288199079.description": "",
                            "ingress.288199079.from_port": "5432",
                            "ingress.288199079.ipv6_cidr_blocks.#": "0",
                            "ingress.288199079.prefix_list_ids.#": "0",
                            "ingress.288199079.protocol": "tcp",
                            "ingress.288199079.security_groups.#": "1",
                            "ingress.288199079.security_groups.1367531637": "sg-0030329cf70b7029b",
                            "ingress.288199079.self": "false",
                            "ingress.288199079.to_port": "5432",
                            "ingress.753360330.cidr_blocks.#": "0",
                            "ingress.753360330.description": "",
                            "ingress.753360330.from_port": "0",
                            "ingress.753360330.ipv6_cidr_blocks.#": "0",
                            "ingress.753360330.prefix_list_ids.#": "0",
                            "ingress.753360330.protocol": "-1",
                            "ingress.753360330.security_groups.#": "0",
                            "ingress.753360330.self": "true",
                            "ingress.753360330.to_port": "0",
                            "name": "dev-rds-sg",
                            "owner_id": "839270835622",
                            "revoke_rules_on_delete": "false",
                            "tags.%": "2",
                            "tags.Environment": "dev",
                            "tags.Name": "dev-rds-sg",
                            "vpc_id": "vpc-0265a7f4aad920f5c"
                        },
                        "meta": {
                            "e2bfb730-ecaa-11e6-8f88-34363bc7c4c0": {
                                "create": 600000000000,
                                "delete": 600000000000
                            },
                            "schema_version": "1"
                        },
                        "tainted": false
                    },
                    "deposed": [],
                    "provider": "provider.aws"
                }
            },
            "depends_on": []
        },
        {
            "path": [
                "root",
                "kubernetes"
            ],
            "outputs": {
                "cluster_name": {
                    "sensitive": false,
                    "type": "string",
                    "value": "pathmind.k8s.local"
                },
                "master_autoscaling_group_ids": {
                    "sensitive": false,
                    "type": "list",
                    "value": [
                        "master-us-east-1a.masters.pathmind.k8s.local"
                    ]
                },
                "master_security_group_ids": {
                    "sensitive": false,
                    "type": "list",
                    "value": [
                        "sg-0c64c1a98b283aecc"
                    ]
                },
                "masters_role_arn": {
                    "sensitive": false,
                    "type": "string",
                    "value": "arn:aws:iam::839270835622:role/masters.pathmind.k8s.local"
                },
                "masters_role_name": {
                    "sensitive": false,
                    "type": "string",
                    "value": "masters.pathmind.k8s.local"
                },
                "node_autoscaling_group_ids": {
                    "sensitive": false,
                    "type": "list",
                    "value": [
                        "nodes.pathmind.k8s.local"
                    ]
                },
                "node_security_group_ids": {
                    "sensitive": false,
                    "type": "list",
                    "value": [
                        "sg-0a8972d9e8337235b"
                    ]
                },
                "node_subnet_ids": {
                    "sensitive": false,
                    "type": "list",
                    "value": [
                        "subnet-08090438f968e8746",
                        "subnet-024d7948c414ee122"
                    ]
                },
                "nodes_role_arn": {
                    "sensitive": false,
                    "type": "string",
                    "value": "arn:aws:iam::839270835622:role/nodes.pathmind.k8s.local"
                },
                "nodes_role_name": {
                    "sensitive": false,
                    "type": "string",
                    "value": "nodes.pathmind.k8s.local"
                },
                "region": {
                    "sensitive": false,
                    "type": "string",
                    "value": "us-east-1"
                },
                "route_table_private-us-east-1a_id": {
                    "sensitive": false,
                    "type": "string",
                    "value": "rtb-0e9b5564626318576"
                },
                "route_table_private-us-east-1b_id": {
                    "sensitive": false,
                    "type": "string",
                    "value": "rtb-0f5416d68fe14e081"
                },
                "route_table_public_id": {
                    "sensitive": false,
                    "type": "string",
                    "value": "rtb-0cd7f977b9fa308f2"
                },
                "subnet_us-east-1a_id": {
                    "sensitive": false,
                    "type": "string",
                    "value": "subnet-08090438f968e8746"
                },
                "subnet_us-east-1b_id": {
                    "sensitive": false,
                    "type": "string",
                    "value": "subnet-024d7948c414ee122"
                },
                "subnet_utility-us-east-1a_id": {
                    "sensitive": false,
                    "type": "string",
                    "value": "subnet-0867b08c6b7dc8018"
                },
                "subnet_utility-us-east-1b_id": {
                    "sensitive": false,
                    "type": "string",
                    "value": "subnet-02185fb5afa7a3de0"
                },
                "vpc_cidr_block": {
                    "sensitive": false,
                    "type": "string",
                    "value": "172.20.0.0/16"
                },
                "vpc_id": {
                    "sensitive": false,
                    "type": "string",
                    "value": "vpc-0265a7f4aad920f5c"
                }
            },
            "resources": {
                "aws_autoscaling_attachment.master-us-east-1a-masters-pathmind-k8s-local": {
                    "type": "aws_autoscaling_attachment",
                    "depends_on": [
                        "aws_autoscaling_group.master-us-east-1a-masters-pathmind-k8s-local",
                        "aws_elb.api-pathmind-k8s-local"
                    ],
                    "primary": {
                        "id": "master-us-east-1a.masters.pathmind.k8s.local-20200102142438574400000003",
                        "attributes": {
                            "autoscaling_group_name": "master-us-east-1a.masters.pathmind.k8s.local",
                            "elb": "api-pathmind-k8s-local-t2er78",
                            "id": "master-us-east-1a.masters.pathmind.k8s.local-20200102142438574400000003"
                        },
                        "meta": {},
                        "tainted": false
                    },
                    "deposed": [],
                    "provider": "module.kubernetes.provider.aws"
                },
                "aws_autoscaling_group.master-us-east-1a-masters-pathmind-k8s-local": {
                    "type": "aws_autoscaling_group",
                    "depends_on": [
                        "aws_launch_configuration.master-us-east-1a-masters-pathmind-k8s-local",
                        "aws_subnet.us-east-1a-pathmind-k8s-local"
                    ],
                    "primary": {
                        "id": "master-us-east-1a.masters.pathmind.k8s.local",
                        "attributes": {
                            "arn": "arn:aws:autoscaling:us-east-1:839270835622:autoScalingGroup:b6d1205f-7e02-4266-b674-394efd971a15:autoScalingGroupName/master-us-east-1a.masters.pathmind.k8s.local",
                            "availability_zones.#": "1",
                            "availability_zones.3569565595": "us-east-1a",
                            "default_cooldown": "300",
                            "desired_capacity": "1",
                            "enabled_metrics.#": "8",
                            "enabled_metrics.119681000": "GroupStandbyInstances",
                            "enabled_metrics.1940933563": "GroupTotalInstances",
                            "enabled_metrics.308948767": "GroupPendingInstances",
                            "enabled_metrics.3267518000": "GroupTerminatingInstances",
                            "enabled_metrics.3394537085": "GroupDesiredCapacity",
                            "enabled_metrics.3551801763": "GroupInServiceInstances",
                            "enabled_metrics.4118539418": "GroupMinSize",
                            "enabled_metrics.4136111317": "GroupMaxSize",
                            "force_delete": "false",
                            "health_check_grace_period": "300",
                            "health_check_type": "EC2",
                            "id": "master-us-east-1a.masters.pathmind.k8s.local",
                            "launch_configuration": "master-us-east-1a.masters.pathmind.k8s.local-20200102142351284000000002",
                            "launch_template.#": "0",
                            "load_balancers.#": "0",
                            "max_instance_lifetime": "0",
                            "max_size": "1",
                            "metrics_granularity": "1Minute",
                            "min_size": "1",
                            "mixed_instances_policy.#": "0",
                            "name": "master-us-east-1a.masters.pathmind.k8s.local",
                            "placement_group": "",
                            "protect_from_scale_in": "false",
                            "service_linked_role_arn": "arn:aws:iam::839270835622:role/aws-service-role/autoscaling.amazonaws.com/AWSServiceRoleForAutoScaling",
                            "suspended_processes.#": "0",
                            "tag.#": "5",
                            "tag.1601041186.key": "k8s.io/role/master",
                            "tag.1601041186.propagate_at_launch": "true",
                            "tag.1601041186.value": "1",
                            "tag.2030096216.key": "k8s.io/cluster-autoscaler/node-template/label/kops.k8s.io/instancegroup",
                            "tag.2030096216.propagate_at_launch": "true",
                            "tag.2030096216.value": "master-us-east-1a",
                            "tag.2296851114.key": "kops.k8s.io/instancegroup",
                            "tag.2296851114.propagate_at_launch": "true",
                            "tag.2296851114.value": "master-us-east-1a",
                            "tag.3006204586.key": "KubernetesCluster",
                            "tag.3006204586.propagate_at_launch": "true",
                            "tag.3006204586.value": "pathmind.k8s.local",
                            "tag.686458429.key": "Name",
                            "tag.686458429.propagate_at_launch": "true",
                            "tag.686458429.value": "master-us-east-1a.masters.pathmind.k8s.local",
                            "target_group_arns.#": "0",
                            "termination_policies.#": "0",
                            "vpc_zone_identifier.#": "1",
                            "vpc_zone_identifier.701651738": "subnet-08090438f968e8746",
                            "wait_for_capacity_timeout": "10m"
                        },
                        "meta": {
                            "e2bfb730-ecaa-11e6-8f88-34363bc7c4c0": {
                                "delete": 600000000000
                            }
                        },
                        "tainted": false
                    },
                    "deposed": [],
                    "provider": "module.kubernetes.provider.aws"
                },
                "aws_autoscaling_group.nodes-pathmind-k8s-local": {
                    "type": "aws_autoscaling_group",
                    "depends_on": [
                        "aws_launch_configuration.nodes-pathmind-k8s-local",
                        "aws_subnet.us-east-1a-pathmind-k8s-local",
                        "aws_subnet.us-east-1b-pathmind-k8s-local"
                    ],
                    "primary": {
                        "id": "nodes.pathmind.k8s.local",
                        "attributes": {
                            "arn": "arn:aws:autoscaling:us-east-1:839270835622:autoScalingGroup:3fc67317-2aa8-463d-893e-0b8b4a76c6c3:autoScalingGroupName/nodes.pathmind.k8s.local",
                            "availability_zones.#": "2",
                            "availability_zones.1305112097": "us-east-1b",
                            "availability_zones.3569565595": "us-east-1a",
                            "default_cooldown": "300",
                            "desired_capacity": "2",
                            "enabled_metrics.#": "8",
                            "enabled_metrics.119681000": "GroupStandbyInstances",
                            "enabled_metrics.1940933563": "GroupTotalInstances",
                            "enabled_metrics.308948767": "GroupPendingInstances",
                            "enabled_metrics.3267518000": "GroupTerminatingInstances",
                            "enabled_metrics.3394537085": "GroupDesiredCapacity",
                            "enabled_metrics.3551801763": "GroupInServiceInstances",
                            "enabled_metrics.4118539418": "GroupMinSize",
                            "enabled_metrics.4136111317": "GroupMaxSize",
                            "force_delete": "false",
                            "health_check_grace_period": "300",
                            "health_check_type": "EC2",
                            "id": "nodes.pathmind.k8s.local",
                            "launch_configuration": "nodes.pathmind.k8s.local-20200102142350365300000001",
                            "launch_template.#": "0",
                            "load_balancers.#": "0",
                            "max_instance_lifetime": "0",
                            "max_size": "2",
                            "metrics_granularity": "1Minute",
                            "min_size": "2",
                            "mixed_instances_policy.#": "0",
                            "name": "nodes.pathmind.k8s.local",
                            "placement_group": "",
                            "protect_from_scale_in": "false",
                            "service_linked_role_arn": "arn:aws:iam::839270835622:role/aws-service-role/autoscaling.amazonaws.com/AWSServiceRoleForAutoScaling",
                            "suspended_processes.#": "0",
                            "tag.#": "5",
                            "tag.1464472815.key": "Name",
                            "tag.1464472815.propagate_at_launch": "true",
                            "tag.1464472815.value": "nodes.pathmind.k8s.local",
                            "tag.176539273.key": "kops.k8s.io/instancegroup",
                            "tag.176539273.propagate_at_launch": "true",
                            "tag.176539273.value": "nodes",
                            "tag.1967977115.key": "k8s.io/role/node",
                            "tag.1967977115.propagate_at_launch": "true",
                            "tag.1967977115.value": "1",
                            "tag.3006204586.key": "KubernetesCluster",
                            "tag.3006204586.propagate_at_launch": "true",
                            "tag.3006204586.value": "pathmind.k8s.local",
                            "tag.859419842.key": "k8s.io/cluster-autoscaler/node-template/label/kops.k8s.io/instancegroup",
                            "tag.859419842.propagate_at_launch": "true",
                            "tag.859419842.value": "nodes",
                            "target_group_arns.#": "0",
                            "termination_policies.#": "0",
                            "vpc_zone_identifier.#": "2",
                            "vpc_zone_identifier.35736479": "subnet-024d7948c414ee122",
                            "vpc_zone_identifier.701651738": "subnet-08090438f968e8746",
                            "wait_for_capacity_timeout": "10m"
                        },
                        "meta": {
                            "e2bfb730-ecaa-11e6-8f88-34363bc7c4c0": {
                                "delete": 600000000000
                            }
                        },
                        "tainted": false
                    },
                    "deposed": [],
                    "provider": "module.kubernetes.provider.aws"
                },
                "aws_ebs_volume.a-etcd-events-pathmind-k8s-local": {
                    "type": "aws_ebs_volume",
                    "depends_on": [],
                    "primary": {
                        "id": "vol-05dcfdf014c1f0697",
                        "attributes": {
                            "arn": "arn:aws:ec2:us-east-1:839270835622:volume/vol-05dcfdf014c1f0697",
                            "availability_zone": "us-east-1a",
                            "encrypted": "false",
                            "id": "vol-05dcfdf014c1f0697",
                            "iops": "100",
                            "kms_key_id": "",
                            "size": "20",
                            "snapshot_id": "",
                            "tags.%": "5",
                            "tags.KubernetesCluster": "pathmind.k8s.local",
                            "tags.Name": "a.etcd-events.pathmind.k8s.local",
                            "tags.k8s.io/etcd/events": "a/a",
                            "tags.k8s.io/role/master": "1",
                            "tags.kubernetes.io/cluster/pathmind.k8s.local": "owned",
                            "type": "gp2"
                        },
                        "meta": {},
                        "tainted": false
                    },
                    "deposed": [],
                    "provider": "module.kubernetes.provider.aws"
                },
                "aws_ebs_volume.a-etcd-main-pathmind-k8s-local": {
                    "type": "aws_ebs_volume",
                    "depends_on": [],
                    "primary": {
                        "id": "vol-093f3724bb13a75ec",
                        "attributes": {
                            "arn": "arn:aws:ec2:us-east-1:839270835622:volume/vol-093f3724bb13a75ec",
                            "availability_zone": "us-east-1a",
                            "encrypted": "false",
                            "id": "vol-093f3724bb13a75ec",
                            "iops": "100",
                            "kms_key_id": "",
                            "size": "20",
                            "snapshot_id": "",
                            "tags.%": "5",
                            "tags.KubernetesCluster": "pathmind.k8s.local",
                            "tags.Name": "a.etcd-main.pathmind.k8s.local",
                            "tags.k8s.io/etcd/main": "a/a",
                            "tags.k8s.io/role/master": "1",
                            "tags.kubernetes.io/cluster/pathmind.k8s.local": "owned",
                            "type": "gp2"
                        },
                        "meta": {},
                        "tainted": false
                    },
                    "deposed": [],
                    "provider": "module.kubernetes.provider.aws"
                },
                "aws_eip.us-east-1a-pathmind-k8s-local": {
                    "type": "aws_eip",
                    "depends_on": [],
                    "primary": {
                        "id": "eipalloc-0b022a240c3061e11",
                        "attributes": {
                            "association_id": "",
                            "domain": "vpc",
                            "id": "eipalloc-0b022a240c3061e11",
                            "instance": "",
                            "network_interface": "",
                            "private_ip": "",
                            "public_dns": "ec2-52-55-238-137.compute-1.amazonaws.com",
                            "public_ip": "52.55.238.137",
                            "public_ipv4_pool": "amazon",
                            "tags.%": "3",
                            "tags.KubernetesCluster": "pathmind.k8s.local",
                            "tags.Name": "us-east-1a.pathmind.k8s.local",
                            "tags.kubernetes.io/cluster/pathmind.k8s.local": "owned",
                            "vpc": "true"
                        },
                        "meta": {
                            "e2bfb730-ecaa-11e6-8f88-34363bc7c4c0": {
                                "delete": 180000000000,
                                "read": 900000000000,
                                "update": 300000000000
                            }
                        },
                        "tainted": false
                    },
                    "deposed": [],
                    "provider": "module.kubernetes.provider.aws"
                },
                "aws_eip.us-east-1b-pathmind-k8s-local": {
                    "type": "aws_eip",
                    "depends_on": [],
                    "primary": {
                        "id": "eipalloc-0d61965ea0c201ee7",
                        "attributes": {
                            "association_id": "",
                            "domain": "vpc",
                            "id": "eipalloc-0d61965ea0c201ee7",
                            "instance": "",
                            "network_interface": "",
                            "private_ip": "",
                            "public_dns": "ec2-18-215-101-50.compute-1.amazonaws.com",
                            "public_ip": "18.215.101.50",
                            "public_ipv4_pool": "amazon",
                            "tags.%": "3",
                            "tags.KubernetesCluster": "pathmind.k8s.local",
                            "tags.Name": "us-east-1b.pathmind.k8s.local",
                            "tags.kubernetes.io/cluster/pathmind.k8s.local": "owned",
                            "vpc": "true"
                        },
                        "meta": {
                            "e2bfb730-ecaa-11e6-8f88-34363bc7c4c0": {
                                "delete": 180000000000,
                                "read": 900000000000,
                                "update": 300000000000
                            }
                        },
                        "tainted": false
                    },
                    "deposed": [],
                    "provider": "module.kubernetes.provider.aws"
                },
                "aws_elb.api-pathmind-k8s-local": {
                    "type": "aws_elb",
                    "depends_on": [
                        "aws_security_group.api-elb-pathmind-k8s-local",
                        "aws_subnet.utility-us-east-1a-pathmind-k8s-local",
                        "aws_subnet.utility-us-east-1b-pathmind-k8s-local"
                    ],
                    "primary": {
                        "id": "api-pathmind-k8s-local-t2er78",
                        "attributes": {
                            "access_logs.#": "0",
                            "arn": "arn:aws:elasticloadbalancing:us-east-1:839270835622:loadbalancer/api-pathmind-k8s-local-t2er78",
                            "availability_zones.#": "2",
                            "availability_zones.1305112097": "us-east-1b",
                            "availability_zones.3569565595": "us-east-1a",
                            "connection_draining": "false",
                            "connection_draining_timeout": "300",
                            "cross_zone_load_balancing": "false",
                            "dns_name": "api-pathmind-k8s-local-t2er78-460615194.us-east-1.elb.amazonaws.com",
                            "health_check.#": "1",
                            "health_check.0.healthy_threshold": "2",
                            "health_check.0.interval": "10",
                            "health_check.0.target": "SSL:443",
                            "health_check.0.timeout": "5",
                            "health_check.0.unhealthy_threshold": "2",
                            "id": "api-pathmind-k8s-local-t2er78",
                            "idle_timeout": "300",
                            "instances.#": "0",
                            "internal": "false",
                            "listener.#": "1",
                            "listener.610193557.instance_port": "443",
                            "listener.610193557.instance_protocol": "tcp",
                            "listener.610193557.lb_port": "443",
                            "listener.610193557.lb_protocol": "tcp",
                            "listener.610193557.ssl_certificate_id": "",
                            "name": "api-pathmind-k8s-local-t2er78",
                            "security_groups.#": "1",
                            "security_groups.2503962683": "sg-001aaf0d24e3e3b5e",
                            "source_security_group": "839270835622/api-elb.pathmind.k8s.local",
                            "source_security_group_id": "sg-001aaf0d24e3e3b5e",
                            "subnets.#": "2",
                            "subnets.2136198767": "subnet-0867b08c6b7dc8018",
                            "subnets.2177872955": "subnet-02185fb5afa7a3de0",
                            "tags.%": "3",
                            "tags.KubernetesCluster": "pathmind.k8s.local",
                            "tags.Name": "api.pathmind.k8s.local",
                            "tags.kubernetes.io/cluster/pathmind.k8s.local": "owned",
                            "zone_id": "Z35SXDOTRQ7X7K"
                        },
                        "meta": {},
                        "tainted": false
                    },
                    "deposed": [],
                    "provider": "module.kubernetes.provider.aws"
                },
                "aws_iam_instance_profile.masters-pathmind-k8s-local": {
                    "type": "aws_iam_instance_profile",
                    "depends_on": [
                        "aws_iam_role.masters-pathmind-k8s-local"
                    ],
                    "primary": {
                        "id": "masters.pathmind.k8s.local",
                        "attributes": {
                            "arn": "arn:aws:iam::839270835622:instance-profile/masters.pathmind.k8s.local",
                            "create_date": "2020-01-02T14:23:39Z",
                            "id": "masters.pathmind.k8s.local",
                            "name": "masters.pathmind.k8s.local",
                            "path": "/",
                            "role": "masters.pathmind.k8s.local",
                            "roles.#": "0",
                            "unique_id": "AIPA4G2DQUWTFKWKI3H7H"
                        },
                        "meta": {},
                        "tainted": false
                    },
                    "deposed": [],
                    "provider": "module.kubernetes.provider.aws"
                },
                "aws_iam_instance_profile.nodes-pathmind-k8s-local": {
                    "type": "aws_iam_instance_profile",
                    "depends_on": [
                        "aws_iam_role.nodes-pathmind-k8s-local"
                    ],
                    "primary": {
                        "id": "nodes.pathmind.k8s.local",
                        "attributes": {
                            "arn": "arn:aws:iam::839270835622:instance-profile/nodes.pathmind.k8s.local",
                            "create_date": "2020-01-02T14:23:39Z",
                            "id": "nodes.pathmind.k8s.local",
                            "name": "nodes.pathmind.k8s.local",
                            "path": "/",
                            "role": "nodes.pathmind.k8s.local",
                            "roles.#": "0",
                            "unique_id": "AIPA4G2DQUWTA5BSLCOSA"
                        },
                        "meta": {},
                        "tainted": false
                    },
                    "deposed": [],
                    "provider": "module.kubernetes.provider.aws"
                },
                "aws_iam_role.masters-pathmind-k8s-local": {
                    "type": "aws_iam_role",
                    "depends_on": [],
                    "primary": {
                        "id": "masters.pathmind.k8s.local",
                        "attributes": {
                            "arn": "arn:aws:iam::839270835622:role/masters.pathmind.k8s.local",
                            "assume_role_policy": "{\"Version\":\"2012-10-17\",\"Statement\":[{\"Effect\":\"Allow\",\"Principal\":{\"Service\":\"ec2.amazonaws.com\"},\"Action\":\"sts:AssumeRole\"}]}",
                            "create_date": "2020-01-02T14:23:39Z",
                            "description": "",
                            "force_detach_policies": "false",
                            "id": "masters.pathmind.k8s.local",
                            "max_session_duration": "3600",
                            "name": "masters.pathmind.k8s.local",
                            "path": "/",
                            "tags.%": "0",
                            "unique_id": "AROA4G2DQUWTAAEFEMVF4"
                        },
                        "meta": {},
                        "tainted": false
                    },
                    "deposed": [],
                    "provider": "module.kubernetes.provider.aws"
                },
                "aws_iam_role.nodes-pathmind-k8s-local": {
                    "type": "aws_iam_role",
                    "depends_on": [],
                    "primary": {
                        "id": "nodes.pathmind.k8s.local",
                        "attributes": {
                            "arn": "arn:aws:iam::839270835622:role/nodes.pathmind.k8s.local",
                            "assume_role_policy": "{\"Version\":\"2012-10-17\",\"Statement\":[{\"Effect\":\"Allow\",\"Principal\":{\"Service\":\"ec2.amazonaws.com\"},\"Action\":\"sts:AssumeRole\"}]}",
                            "create_date": "2020-01-02T14:23:39Z",
                            "description": "",
                            "force_detach_policies": "false",
                            "id": "nodes.pathmind.k8s.local",
                            "max_session_duration": "3600",
                            "name": "nodes.pathmind.k8s.local",
                            "path": "/",
                            "tags.%": "0",
                            "unique_id": "AROA4G2DQUWTJP4T3BVGK"
                        },
                        "meta": {},
                        "tainted": false
                    },
                    "deposed": [],
                    "provider": "module.kubernetes.provider.aws"
                },
                "aws_iam_role_policy.masters-pathmind-k8s-local": {
                    "type": "aws_iam_role_policy",
                    "depends_on": [
                        "aws_iam_role.masters-pathmind-k8s-local"
                    ],
                    "primary": {
                        "id": "masters.pathmind.k8s.local:masters.pathmind.k8s.local",
                        "attributes": {
                            "id": "masters.pathmind.k8s.local:masters.pathmind.k8s.local",
                            "name": "masters.pathmind.k8s.local",
                            "policy": "{\n  \"Version\": \"2012-10-17\",\n  \"Statement\": [\n    {\n      \"Effect\": \"Allow\",\n      \"Action\": [\n        \"ec2:DescribeAccountAttributes\",\n        \"ec2:DescribeInstances\",\n        \"ec2:DescribeInternetGateways\",\n        \"ec2:DescribeRegions\",\n        \"ec2:DescribeRouteTables\",\n        \"ec2:DescribeSecurityGroups\",\n        \"ec2:DescribeSubnets\",\n        \"ec2:DescribeVolumes\"\n      ],\n      \"Resource\": [\n        \"*\"\n      ]\n    },\n    {\n      \"Effect\": \"Allow\",\n      \"Action\": [\n        \"ec2:CreateSecurityGroup\",\n        \"ec2:CreateTags\",\n        \"ec2:CreateVolume\",\n        \"ec2:DescribeVolumesModifications\",\n        \"ec2:ModifyInstanceAttribute\",\n        \"ec2:ModifyVolume\"\n      ],\n      \"Resource\": [\n        \"*\"\n      ]\n    },\n    {\n      \"Effect\": \"Allow\",\n      \"Action\": [\n        \"ec2:AttachVolume\",\n        \"ec2:AuthorizeSecurityGroupIngress\",\n        \"ec2:CreateRoute\",\n        \"ec2:DeleteRoute\",\n        \"ec2:DeleteSecurityGroup\",\n        \"ec2:DeleteVolume\",\n        \"ec2:DetachVolume\",\n        \"ec2:RevokeSecurityGroupIngress\"\n      ],\n      \"Resource\": [\n        \"*\"\n      ],\n      \"Condition\": {\n        \"StringEquals\": {\n          \"ec2:ResourceTag/KubernetesCluster\": \"pathmind.k8s.local\"\n        }\n      }\n    },\n    {\n      \"Effect\": \"Allow\",\n      \"Action\": [\n        \"autoscaling:DescribeAutoScalingGroups\",\n        \"autoscaling:DescribeLaunchConfigurations\",\n        \"autoscaling:DescribeTags\",\n        \"ec2:DescribeLaunchTemplateVersions\"\n      ],\n      \"Resource\": [\n        \"*\"\n      ]\n    },\n    {\n      \"Effect\": \"Allow\",\n      \"Action\": [\n        \"autoscaling:SetDesiredCapacity\",\n        \"autoscaling:TerminateInstanceInAutoScalingGroup\",\n        \"autoscaling:UpdateAutoScalingGroup\"\n      ],\n      \"Resource\": [\n        \"*\"\n      ],\n      \"Condition\": {\n        \"StringEquals\": {\n          \"autoscaling:ResourceTag/KubernetesCluster\": \"pathmind.k8s.local\"\n        }\n      }\n    },\n    {\n      \"Effect\": \"Allow\",\n      \"Action\": [\n        \"elasticloadbalancing:AddTags\",\n        \"elasticloadbalancing:AttachLoadBalancerToSubnets\",\n        \"elasticloadbalancing:ApplySecurityGroupsToLoadBalancer\",\n        \"elasticloadbalancing:CreateLoadBalancer\",\n        \"elasticloadbalancing:CreateLoadBalancerPolicy\",\n        \"elasticloadbalancing:CreateLoadBalancerListeners\",\n        \"elasticloadbalancing:ConfigureHealthCheck\",\n        \"elasticloadbalancing:DeleteLoadBalancer\",\n        \"elasticloadbalancing:DeleteLoadBalancerListeners\",\n        \"elasticloadbalancing:DescribeLoadBalancers\",\n        \"elasticloadbalancing:DescribeLoadBalancerAttributes\",\n        \"elasticloadbalancing:DetachLoadBalancerFromSubnets\",\n        \"elasticloadbalancing:DeregisterInstancesFromLoadBalancer\",\n        \"elasticloadbalancing:ModifyLoadBalancerAttributes\",\n        \"elasticloadbalancing:RegisterInstancesWithLoadBalancer\",\n        \"elasticloadbalancing:SetLoadBalancerPoliciesForBackendServer\"\n      ],\n      \"Resource\": [\n        \"*\"\n      ]\n    },\n    {\n      \"Effect\": \"Allow\",\n      \"Action\": [\n        \"ec2:DescribeVpcs\",\n        \"elasticloadbalancing:AddTags\",\n        \"elasticloadbalancing:CreateListener\",\n        \"elasticloadbalancing:CreateTargetGroup\",\n        \"elasticloadbalancing:DeleteListener\",\n        \"elasticloadbalancing:DeleteTargetGroup\",\n        \"elasticloadbalancing:DeregisterTargets\",\n        \"elasticloadbalancing:DescribeListeners\",\n        \"elasticloadbalancing:DescribeLoadBalancerPolicies\",\n        \"elasticloadbalancing:DescribeTargetGroups\",\n        \"elasticloadbalancing:DescribeTargetHealth\",\n        \"elasticloadbalancing:ModifyListener\",\n        \"elasticloadbalancing:ModifyTargetGroup\",\n        \"elasticloadbalancing:RegisterTargets\",\n        \"elasticloadbalancing:SetLoadBalancerPoliciesOfListener\"\n      ],\n      \"Resource\": [\n        \"*\"\n      ]\n    },\n    {\n      \"Effect\": \"Allow\",\n      \"Action\": [\n        \"iam:ListServerCertificates\",\n        \"iam:GetServerCertificate\"\n      ],\n      \"Resource\": [\n        \"*\"\n      ]\n    },\n    {\n      \"Effect\": \"Allow\",\n      \"Action\": [\n        \"s3:GetBucketLocation\",\n        \"s3:GetEncryptionConfiguration\",\n        \"s3:ListBucket\"\n      ],\n      \"Resource\": [\n        \"arn:aws:s3:::pathmind-kops-state\"\n      ]\n    },\n    {\n      \"Effect\": \"Allow\",\n      \"Action\": [\n        \"s3:Get*\"\n      ],\n      \"Resource\": \"arn:aws:s3:::pathmind-kops-state/k8s.pathmind.k8s.local/pathmind.k8s.local/*\"\n    },\n    {\n      \"Effect\": \"Allow\",\n      \"Action\": [\n        \"s3:GetObject\",\n        \"s3:DeleteObject\",\n        \"s3:PutObject\"\n      ],\n      \"Resource\": \"arn:aws:s3:::pathmind-kops-state/k8s.pathmind.k8s.local/pathmind.k8s.local/backups/etcd/main/*\"\n    },\n    {\n      \"Effect\": \"Allow\",\n      \"Action\": [\n        \"s3:GetObject\",\n        \"s3:DeleteObject\",\n        \"s3:PutObject\"\n      ],\n      \"Resource\": \"arn:aws:s3:::pathmind-kops-state/k8s.pathmind.k8s.local/pathmind.k8s.local/backups/etcd/events/*\"\n    },\n    {\n      \"Effect\": \"Allow\",\n      \"Action\": [\n        \"ecr:GetAuthorizationToken\",\n        \"ecr:BatchCheckLayerAvailability\",\n        \"ecr:GetDownloadUrlForLayer\",\n        \"ecr:GetRepositoryPolicy\",\n        \"ecr:DescribeRepositories\",\n        \"ecr:ListImages\",\n        \"ecr:BatchGetImage\"\n      ],\n      \"Resource\": [\n        \"*\"\n      ]\n    }\n  ]\n}",
                            "role": "masters.pathmind.k8s.local"
                        },
                        "meta": {},
                        "tainted": false
                    },
                    "deposed": [],
                    "provider": "module.kubernetes.provider.aws"
                },
                "aws_iam_role_policy.nodes-pathmind-k8s-local": {
                    "type": "aws_iam_role_policy",
                    "depends_on": [
                        "aws_iam_role.nodes-pathmind-k8s-local"
                    ],
                    "primary": {
                        "id": "nodes.pathmind.k8s.local:nodes.pathmind.k8s.local",
                        "attributes": {
                            "id": "nodes.pathmind.k8s.local:nodes.pathmind.k8s.local",
                            "name": "nodes.pathmind.k8s.local",
                            "policy": "{\n  \"Version\": \"2012-10-17\",\n  \"Statement\": [\n    {\n      \"Effect\": \"Allow\",\n      \"Action\": [\n        \"ec2:DescribeInstances\",\n        \"ec2:DescribeRegions\"\n      ],\n      \"Resource\": [\n        \"*\"\n      ]\n    },\n    {\n      \"Effect\": \"Allow\",\n      \"Action\": [\n        \"s3:GetBucketLocation\",\n        \"s3:GetEncryptionConfiguration\",\n        \"s3:ListBucket\"\n      ],\n      \"Resource\": [\n        \"arn:aws:s3:::pathmind-kops-state\"\n      ]\n    },\n    {\n      \"Effect\": \"Allow\",\n      \"Action\": [\n        \"s3:Get*\"\n      ],\n      \"Resource\": [\n        \"arn:aws:s3:::pathmind-kops-state/k8s.pathmind.k8s.local/pathmind.k8s.local/addons/*\",\n        \"arn:aws:s3:::pathmind-kops-state/k8s.pathmind.k8s.local/pathmind.k8s.local/cluster.spec\",\n        \"arn:aws:s3:::pathmind-kops-state/k8s.pathmind.k8s.local/pathmind.k8s.local/config\",\n        \"arn:aws:s3:::pathmind-kops-state/k8s.pathmind.k8s.local/pathmind.k8s.local/instancegroup/*\",\n        \"arn:aws:s3:::pathmind-kops-state/k8s.pathmind.k8s.local/pathmind.k8s.local/pki/issued/*\",\n        \"arn:aws:s3:::pathmind-kops-state/k8s.pathmind.k8s.local/pathmind.k8s.local/pki/private/kube-proxy/*\",\n        \"arn:aws:s3:::pathmind-kops-state/k8s.pathmind.k8s.local/pathmind.k8s.local/pki/private/kubelet/*\",\n        \"arn:aws:s3:::pathmind-kops-state/k8s.pathmind.k8s.local/pathmind.k8s.local/pki/ssh/*\",\n        \"arn:aws:s3:::pathmind-kops-state/k8s.pathmind.k8s.local/pathmind.k8s.local/secrets/dockerconfig\"\n      ]\n    },\n    {\n      \"Effect\": \"Allow\",\n      \"Action\": [\n        \"ecr:GetAuthorizationToken\",\n        \"ecr:BatchCheckLayerAvailability\",\n        \"ecr:GetDownloadUrlForLayer\",\n        \"ecr:GetRepositoryPolicy\",\n        \"ecr:DescribeRepositories\",\n        \"ecr:ListImages\",\n        \"ecr:BatchGetImage\"\n      ],\n      \"Resource\": [\n        \"*\"\n      ]\n    }\n  ]\n}",
                            "role": "nodes.pathmind.k8s.local"
                        },
                        "meta": {},
                        "tainted": false
                    },
                    "deposed": [],
                    "provider": "module.kubernetes.provider.aws"
                },
                "aws_internet_gateway.pathmind-k8s-local": {
                    "type": "aws_internet_gateway",
                    "depends_on": [
                        "aws_vpc.pathmind-k8s-local"
                    ],
                    "primary": {
                        "id": "igw-04641a2d51d2092c0",
                        "attributes": {
                            "id": "igw-04641a2d51d2092c0",
                            "owner_id": "839270835622",
                            "tags.%": "3",
                            "tags.KubernetesCluster": "pathmind.k8s.local",
                            "tags.Name": "pathmind.k8s.local",
                            "tags.kubernetes.io/cluster/pathmind.k8s.local": "owned",
                            "vpc_id": "vpc-0265a7f4aad920f5c"
                        },
                        "meta": {},
                        "tainted": false
                    },
                    "deposed": [],
                    "provider": "module.kubernetes.provider.aws"
                },
                "aws_key_pair.kubernetes-pathmind-k8s-local-1115e063337785552cbdadc48b004066": {
                    "type": "aws_key_pair",
                    "depends_on": [],
                    "primary": {
                        "id": "kubernetes.pathmind.k8s.local-11:15:e0:63:33:77:85:55:2c:bd:ad:c4:8b:00:40:66",
                        "attributes": {
                            "fingerprint": "f3:0d:73:8c:b8:6b:d1:c8:2f:ba:16:6c:05:4a:12:44",
                            "id": "kubernetes.pathmind.k8s.local-11:15:e0:63:33:77:85:55:2c:bd:ad:c4:8b:00:40:66",
                            "key_name": "kubernetes.pathmind.k8s.local-11:15:e0:63:33:77:85:55:2c:bd:ad:c4:8b:00:40:66",
                            "public_key": "ssh-rsa AAAAB3NzaC1yc2EAAAABJQAAAQEApATZePQkL6eb++ctycKdInbui1/hDm4X5HC5kO3CjY8vffo1FbrC0rRsJaFSGiUoiAMP1HtegGAlPXdEZAXJ+kLhGg/X9nWUHcSSdpaG5KBawNNwtxsJnaoNQX8mom9bDQakErPQ+Y8kmcM90ier/Y6lzPlfngyYPAyh9rE6REJmRhHIawT+Bnf172IGFzYN4PyIrYMDysyBP6DtI39KXA8p7RQ+FLUs/HYtNEe5LMt9VzLi4/SJ70Mk7Yy+V3H47I7tcHb9Wpj2WZSjErSrgl+0jSXvz0rWUQDx7RQZN3OzaxgtnammYLcGgLpm3kIMpQxKhEOrzde505Z9jHne6w== rsa-key-20191005"
                        },
                        "meta": {
                            "schema_version": "1"
                        },
                        "tainted": false
                    },
                    "deposed": [],
                    "provider": "module.kubernetes.provider.aws"
                },
                "aws_launch_configuration.master-us-east-1a-masters-pathmind-k8s-local": {
                    "type": "aws_launch_configuration",
                    "depends_on": [
                        "aws_iam_instance_profile.masters-pathmind-k8s-local",
                        "aws_key_pair.kubernetes-pathmind-k8s-local-1115e063337785552cbdadc48b004066",
                        "aws_security_group.masters-pathmind-k8s-local"
                    ],
                    "primary": {
                        "id": "master-us-east-1a.masters.pathmind.k8s.local-20200102142351284000000002",
                        "attributes": {
                            "associate_public_ip_address": "false",
                            "ebs_block_device.#": "0",
                            "ebs_optimized": "false",
                            "enable_monitoring": "false",
                            "ephemeral_block_device.#": "0",
                            "iam_instance_profile": "masters.pathmind.k8s.local",
                            "id": "master-us-east-1a.masters.pathmind.k8s.local-20200102142351284000000002",
                            "image_id": "ami-06e67726ce5e65ca7",
                            "instance_type": "t2.medium",
                            "key_name": "kubernetes.pathmind.k8s.local-11:15:e0:63:33:77:85:55:2c:bd:ad:c4:8b:00:40:66",
                            "name": "master-us-east-1a.masters.pathmind.k8s.local-20200102142351284000000002",
                            "name_prefix": "master-us-east-1a.masters.pathmind.k8s.local-",
                            "root_block_device.#": "1",
                            "root_block_device.0.delete_on_termination": "true",
                            "root_block_device.0.encrypted": "false",
                            "root_block_device.0.iops": "0",
                            "root_block_device.0.volume_size": "64",
                            "root_block_device.0.volume_type": "gp2",
                            "security_groups.#": "1",
                            "security_groups.3442101398": "sg-0c64c1a98b283aecc",
                            "spot_price": "",
                            "user_data": "df175c10c4e5221a9c71463b8d3b32e100fc81f4",
                            "vpc_classic_link_id": "",
                            "vpc_classic_link_security_groups.#": "0"
                        },
                        "meta": {},
                        "tainted": false
                    },
                    "deposed": [],
                    "provider": "module.kubernetes.provider.aws"
                },
                "aws_launch_configuration.nodes-pathmind-k8s-local": {
                    "type": "aws_launch_configuration",
                    "depends_on": [
                        "aws_iam_instance_profile.nodes-pathmind-k8s-local",
                        "aws_key_pair.kubernetes-pathmind-k8s-local-1115e063337785552cbdadc48b004066",
                        "aws_security_group.nodes-pathmind-k8s-local"
                    ],
                    "primary": {
                        "id": "nodes.pathmind.k8s.local-20200102142350365300000001",
                        "attributes": {
                            "associate_public_ip_address": "false",
                            "ebs_block_device.#": "0",
                            "ebs_optimized": "false",
                            "enable_monitoring": "false",
                            "ephemeral_block_device.#": "0",
                            "iam_instance_profile": "nodes.pathmind.k8s.local",
                            "id": "nodes.pathmind.k8s.local-20200102142350365300000001",
                            "image_id": "ami-06e67726ce5e65ca7",
                            "instance_type": "t2.large",
                            "key_name": "kubernetes.pathmind.k8s.local-11:15:e0:63:33:77:85:55:2c:bd:ad:c4:8b:00:40:66",
                            "name": "nodes.pathmind.k8s.local-20200102142350365300000001",
                            "name_prefix": "nodes.pathmind.k8s.local-",
                            "root_block_device.#": "1",
                            "root_block_device.0.delete_on_termination": "true",
                            "root_block_device.0.encrypted": "false",
                            "root_block_device.0.iops": "0",
                            "root_block_device.0.volume_size": "128",
                            "root_block_device.0.volume_type": "gp2",
                            "security_groups.#": "1",
                            "security_groups.2338131484": "sg-0a8972d9e8337235b",
                            "spot_price": "",
                            "user_data": "6b20a8ef11f01a788d1a6c3df4387212b16a95aa",
                            "vpc_classic_link_id": "",
                            "vpc_classic_link_security_groups.#": "0"
                        },
                        "meta": {},
                        "tainted": false
                    },
                    "deposed": [],
                    "provider": "module.kubernetes.provider.aws"
                },
                "aws_nat_gateway.us-east-1a-pathmind-k8s-local": {
                    "type": "aws_nat_gateway",
                    "depends_on": [
                        "aws_eip.us-east-1a-pathmind-k8s-local",
                        "aws_subnet.utility-us-east-1a-pathmind-k8s-local"
                    ],
                    "primary": {
                        "id": "nat-07c00cde0e162c501",
                        "attributes": {
                            "allocation_id": "eipalloc-0b022a240c3061e11",
                            "id": "nat-07c00cde0e162c501",
                            "network_interface_id": "eni-051370546cf02df9a",
                            "private_ip": "172.20.3.39",
                            "public_ip": "52.55.238.137",
                            "subnet_id": "subnet-0867b08c6b7dc8018",
                            "tags.%": "3",
                            "tags.KubernetesCluster": "pathmind.k8s.local",
                            "tags.Name": "us-east-1a.pathmind.k8s.local",
                            "tags.kubernetes.io/cluster/pathmind.k8s.local": "owned"
                        },
                        "meta": {},
                        "tainted": false
                    },
                    "deposed": [],
                    "provider": "module.kubernetes.provider.aws"
                },
                "aws_nat_gateway.us-east-1b-pathmind-k8s-local": {
                    "type": "aws_nat_gateway",
                    "depends_on": [
                        "aws_eip.us-east-1b-pathmind-k8s-local",
                        "aws_subnet.utility-us-east-1b-pathmind-k8s-local"
                    ],
                    "primary": {
                        "id": "nat-0fea10a99a903083b",
                        "attributes": {
                            "allocation_id": "eipalloc-0d61965ea0c201ee7",
                            "id": "nat-0fea10a99a903083b",
                            "network_interface_id": "eni-0e3afde911910635c",
                            "private_ip": "172.20.6.79",
                            "public_ip": "18.215.101.50",
                            "subnet_id": "subnet-02185fb5afa7a3de0",
                            "tags.%": "3",
                            "tags.KubernetesCluster": "pathmind.k8s.local",
                            "tags.Name": "us-east-1b.pathmind.k8s.local",
                            "tags.kubernetes.io/cluster/pathmind.k8s.local": "owned"
                        },
                        "meta": {},
                        "tainted": false
                    },
                    "deposed": [],
                    "provider": "module.kubernetes.provider.aws"
                },
                "aws_route.0-0-0-0--0": {
                    "type": "aws_route",
                    "depends_on": [
                        "aws_internet_gateway.pathmind-k8s-local",
                        "aws_route_table.pathmind-k8s-local"
                    ],
                    "primary": {
                        "id": "r-rtb-0cd7f977b9fa308f21080289494",
                        "attributes": {
                            "destination_cidr_block": "0.0.0.0/0",
                            "destination_prefix_list_id": "",
                            "egress_only_gateway_id": "",
                            "gateway_id": "igw-04641a2d51d2092c0",
                            "id": "r-rtb-0cd7f977b9fa308f21080289494",
                            "instance_id": "",
                            "instance_owner_id": "",
                            "nat_gateway_id": "",
                            "network_interface_id": "",
                            "origin": "CreateRoute",
                            "route_table_id": "rtb-0cd7f977b9fa308f2",
                            "state": "active",
                            "transit_gateway_id": "",
                            "vpc_peering_connection_id": ""
                        },
                        "meta": {
                            "e2bfb730-ecaa-11e6-8f88-34363bc7c4c0": {
                                "create": 120000000000,
                                "delete": 300000000000
                            }
                        },
                        "tainted": false
                    },
                    "deposed": [],
                    "provider": "module.kubernetes.provider.aws"
                },
                "aws_route.private-us-east-1a-0-0-0-0--0": {
                    "type": "aws_route",
                    "depends_on": [
                        "aws_nat_gateway.us-east-1a-pathmind-k8s-local",
                        "aws_route_table.private-us-east-1a-pathmind-k8s-local"
                    ],
                    "primary": {
                        "id": "r-rtb-0e9b55646263185761080289494",
                        "attributes": {
                            "destination_cidr_block": "0.0.0.0/0",
                            "destination_prefix_list_id": "",
                            "egress_only_gateway_id": "",
                            "gateway_id": "",
                            "id": "r-rtb-0e9b55646263185761080289494",
                            "instance_id": "",
                            "instance_owner_id": "",
                            "nat_gateway_id": "nat-07c00cde0e162c501",
                            "network_interface_id": "",
                            "origin": "CreateRoute",
                            "route_table_id": "rtb-0e9b5564626318576",
                            "state": "active",
                            "transit_gateway_id": "",
                            "vpc_peering_connection_id": ""
                        },
                        "meta": {
                            "e2bfb730-ecaa-11e6-8f88-34363bc7c4c0": {
                                "create": 120000000000,
                                "delete": 300000000000
                            }
                        },
                        "tainted": false
                    },
                    "deposed": [],
                    "provider": "module.kubernetes.provider.aws"
                },
                "aws_route.private-us-east-1b-0-0-0-0--0": {
                    "type": "aws_route",
                    "depends_on": [
                        "aws_nat_gateway.us-east-1b-pathmind-k8s-local",
                        "aws_route_table.private-us-east-1b-pathmind-k8s-local"
                    ],
                    "primary": {
                        "id": "r-rtb-0f5416d68fe14e0811080289494",
                        "attributes": {
                            "destination_cidr_block": "0.0.0.0/0",
                            "destination_prefix_list_id": "",
                            "egress_only_gateway_id": "",
                            "gateway_id": "",
                            "id": "r-rtb-0f5416d68fe14e0811080289494",
                            "instance_id": "",
                            "instance_owner_id": "",
                            "nat_gateway_id": "nat-0fea10a99a903083b",
                            "network_interface_id": "",
                            "origin": "CreateRoute",
                            "route_table_id": "rtb-0f5416d68fe14e081",
                            "state": "active",
                            "transit_gateway_id": "",
                            "vpc_peering_connection_id": ""
                        },
                        "meta": {
                            "e2bfb730-ecaa-11e6-8f88-34363bc7c4c0": {
                                "create": 120000000000,
                                "delete": 300000000000
                            }
                        },
                        "tainted": false
                    },
                    "deposed": [],
                    "provider": "module.kubernetes.provider.aws"
                },
                "aws_route_table.pathmind-k8s-local": {
                    "type": "aws_route_table",
                    "depends_on": [
                        "aws_vpc.pathmind-k8s-local"
                    ],
                    "primary": {
                        "id": "rtb-0cd7f977b9fa308f2",
                        "attributes": {
                            "id": "rtb-0cd7f977b9fa308f2",
                            "owner_id": "839270835622",
                            "propagating_vgws.#": "0",
                            "route.#": "0",
                            "tags.%": "4",
                            "tags.KubernetesCluster": "pathmind.k8s.local",
                            "tags.Name": "pathmind.k8s.local",
                            "tags.kubernetes.io/cluster/pathmind.k8s.local": "owned",
                            "tags.kubernetes.io/kops/role": "public",
                            "vpc_id": "vpc-0265a7f4aad920f5c"
                        },
                        "meta": {},
                        "tainted": false
                    },
                    "deposed": [],
                    "provider": "module.kubernetes.provider.aws"
                },
                "aws_route_table.private-us-east-1a-pathmind-k8s-local": {
                    "type": "aws_route_table",
                    "depends_on": [
                        "aws_vpc.pathmind-k8s-local"
                    ],
                    "primary": {
                        "id": "rtb-0e9b5564626318576",
                        "attributes": {
                            "id": "rtb-0e9b5564626318576",
                            "owner_id": "839270835622",
                            "propagating_vgws.#": "0",
                            "route.#": "0",
                            "tags.%": "4",
                            "tags.KubernetesCluster": "pathmind.k8s.local",
                            "tags.Name": "private-us-east-1a.pathmind.k8s.local",
                            "tags.kubernetes.io/cluster/pathmind.k8s.local": "owned",
                            "tags.kubernetes.io/kops/role": "private-us-east-1a",
                            "vpc_id": "vpc-0265a7f4aad920f5c"
                        },
                        "meta": {},
                        "tainted": false
                    },
                    "deposed": [],
                    "provider": "module.kubernetes.provider.aws"
                },
                "aws_route_table.private-us-east-1b-pathmind-k8s-local": {
                    "type": "aws_route_table",
                    "depends_on": [
                        "aws_vpc.pathmind-k8s-local"
                    ],
                    "primary": {
                        "id": "rtb-0f5416d68fe14e081",
                        "attributes": {
                            "id": "rtb-0f5416d68fe14e081",
                            "owner_id": "839270835622",
                            "propagating_vgws.#": "0",
                            "route.#": "0",
                            "tags.%": "4",
                            "tags.KubernetesCluster": "pathmind.k8s.local",
                            "tags.Name": "private-us-east-1b.pathmind.k8s.local",
                            "tags.kubernetes.io/cluster/pathmind.k8s.local": "owned",
                            "tags.kubernetes.io/kops/role": "private-us-east-1b",
                            "vpc_id": "vpc-0265a7f4aad920f5c"
                        },
                        "meta": {},
                        "tainted": false
                    },
                    "deposed": [],
                    "provider": "module.kubernetes.provider.aws"
                },
                "aws_route_table_association.private-us-east-1a-pathmind-k8s-local": {
                    "type": "aws_route_table_association",
                    "depends_on": [
                        "aws_route_table.private-us-east-1a-pathmind-k8s-local",
                        "aws_subnet.us-east-1a-pathmind-k8s-local"
                    ],
                    "primary": {
                        "id": "rtbassoc-09af906f9f0439616",
                        "attributes": {
                            "id": "rtbassoc-09af906f9f0439616",
                            "route_table_id": "rtb-0e9b5564626318576",
                            "subnet_id": "subnet-08090438f968e8746"
                        },
                        "meta": {},
                        "tainted": false
                    },
                    "deposed": [],
                    "provider": "module.kubernetes.provider.aws"
                },
                "aws_route_table_association.private-us-east-1b-pathmind-k8s-local": {
                    "type": "aws_route_table_association",
                    "depends_on": [
                        "aws_route_table.private-us-east-1b-pathmind-k8s-local",
                        "aws_subnet.us-east-1b-pathmind-k8s-local"
                    ],
                    "primary": {
                        "id": "rtbassoc-02cad9d0a4e994a16",
                        "attributes": {
                            "id": "rtbassoc-02cad9d0a4e994a16",
                            "route_table_id": "rtb-0f5416d68fe14e081",
                            "subnet_id": "subnet-024d7948c414ee122"
                        },
                        "meta": {},
                        "tainted": false
                    },
                    "deposed": [],
                    "provider": "module.kubernetes.provider.aws"
                },
                "aws_route_table_association.utility-us-east-1a-pathmind-k8s-local": {
                    "type": "aws_route_table_association",
                    "depends_on": [
                        "aws_route_table.pathmind-k8s-local",
                        "aws_subnet.utility-us-east-1a-pathmind-k8s-local"
                    ],
                    "primary": {
                        "id": "rtbassoc-0af555013800c9e6e",
                        "attributes": {
                            "id": "rtbassoc-0af555013800c9e6e",
                            "route_table_id": "rtb-0cd7f977b9fa308f2",
                            "subnet_id": "subnet-0867b08c6b7dc8018"
                        },
                        "meta": {},
                        "tainted": false
                    },
                    "deposed": [],
                    "provider": "module.kubernetes.provider.aws"
                },
                "aws_route_table_association.utility-us-east-1b-pathmind-k8s-local": {
                    "type": "aws_route_table_association",
                    "depends_on": [
                        "aws_route_table.pathmind-k8s-local",
                        "aws_subnet.utility-us-east-1b-pathmind-k8s-local"
                    ],
                    "primary": {
                        "id": "rtbassoc-0f80fb694c2668569",
                        "attributes": {
                            "id": "rtbassoc-0f80fb694c2668569",
                            "route_table_id": "rtb-0cd7f977b9fa308f2",
                            "subnet_id": "subnet-02185fb5afa7a3de0"
                        },
                        "meta": {},
                        "tainted": false
                    },
                    "deposed": [],
                    "provider": "module.kubernetes.provider.aws"
                },
                "aws_security_group.api-elb-pathmind-k8s-local": {
                    "type": "aws_security_group",
                    "depends_on": [
                        "aws_vpc.pathmind-k8s-local"
                    ],
                    "primary": {
                        "id": "sg-001aaf0d24e3e3b5e",
                        "attributes": {
                            "arn": "arn:aws:ec2:us-east-1:839270835622:security-group/sg-001aaf0d24e3e3b5e",
                            "description": "Security group for api ELB",
                            "egress.#": "0",
                            "id": "sg-001aaf0d24e3e3b5e",
                            "ingress.#": "0",
                            "name": "api-elb.pathmind.k8s.local",
                            "owner_id": "839270835622",
                            "revoke_rules_on_delete": "false",
                            "tags.%": "3",
                            "tags.KubernetesCluster": "pathmind.k8s.local",
                            "tags.Name": "api-elb.pathmind.k8s.local",
                            "tags.kubernetes.io/cluster/pathmind.k8s.local": "owned",
                            "vpc_id": "vpc-0265a7f4aad920f5c"
                        },
                        "meta": {
                            "e2bfb730-ecaa-11e6-8f88-34363bc7c4c0": {
                                "create": 600000000000,
                                "delete": 600000000000
                            },
                            "schema_version": "1"
                        },
                        "tainted": false
                    },
                    "deposed": [],
                    "provider": "module.kubernetes.provider.aws"
                },
                "aws_security_group.masters-pathmind-k8s-local": {
                    "type": "aws_security_group",
                    "depends_on": [
                        "aws_vpc.pathmind-k8s-local"
                    ],
                    "primary": {
                        "id": "sg-0c64c1a98b283aecc",
                        "attributes": {
                            "arn": "arn:aws:ec2:us-east-1:839270835622:security-group/sg-0c64c1a98b283aecc",
                            "description": "Security group for masters",
                            "egress.#": "0",
                            "id": "sg-0c64c1a98b283aecc",
                            "ingress.#": "0",
                            "name": "masters.pathmind.k8s.local",
                            "owner_id": "839270835622",
                            "revoke_rules_on_delete": "false",
                            "tags.%": "3",
                            "tags.KubernetesCluster": "pathmind.k8s.local",
                            "tags.Name": "masters.pathmind.k8s.local",
                            "tags.kubernetes.io/cluster/pathmind.k8s.local": "owned",
                            "vpc_id": "vpc-0265a7f4aad920f5c"
                        },
                        "meta": {
                            "e2bfb730-ecaa-11e6-8f88-34363bc7c4c0": {
                                "create": 600000000000,
                                "delete": 600000000000
                            },
                            "schema_version": "1"
                        },
                        "tainted": false
                    },
                    "deposed": [],
                    "provider": "module.kubernetes.provider.aws"
                },
                "aws_security_group.nodes-pathmind-k8s-local": {
                    "type": "aws_security_group",
                    "depends_on": [
                        "aws_vpc.pathmind-k8s-local"
                    ],
                    "primary": {
                        "id": "sg-0a8972d9e8337235b",
                        "attributes": {
                            "arn": "arn:aws:ec2:us-east-1:839270835622:security-group/sg-0a8972d9e8337235b",
                            "description": "Security group for nodes",
                            "egress.#": "0",
                            "id": "sg-0a8972d9e8337235b",
                            "ingress.#": "0",
                            "name": "nodes.pathmind.k8s.local",
                            "owner_id": "839270835622",
                            "revoke_rules_on_delete": "false",
                            "tags.%": "3",
                            "tags.KubernetesCluster": "pathmind.k8s.local",
                            "tags.Name": "nodes.pathmind.k8s.local",
                            "tags.kubernetes.io/cluster/pathmind.k8s.local": "owned",
                            "vpc_id": "vpc-0265a7f4aad920f5c"
                        },
                        "meta": {
                            "e2bfb730-ecaa-11e6-8f88-34363bc7c4c0": {
                                "create": 600000000000,
                                "delete": 600000000000
                            },
                            "schema_version": "1"
                        },
                        "tainted": false
                    },
                    "deposed": [],
                    "provider": "module.kubernetes.provider.aws"
                },
                "aws_security_group_rule.all-master-to-master": {
                    "type": "aws_security_group_rule",
                    "depends_on": [
                        "aws_security_group.masters-pathmind-k8s-local"
                    ],
                    "primary": {
                        "id": "sgrule-396979156",
                        "attributes": {
                            "from_port": "0",
                            "id": "sgrule-396979156",
                            "protocol": "-1",
                            "security_group_id": "sg-0c64c1a98b283aecc",
                            "self": "false",
                            "source_security_group_id": "sg-0c64c1a98b283aecc",
                            "to_port": "0",
                            "type": "ingress"
                        },
                        "meta": {
                            "schema_version": "2"
                        },
                        "tainted": false
                    },
                    "deposed": [],
                    "provider": "module.kubernetes.provider.aws"
                },
                "aws_security_group_rule.all-master-to-node": {
                    "type": "aws_security_group_rule",
                    "depends_on": [
                        "aws_security_group.masters-pathmind-k8s-local",
                        "aws_security_group.nodes-pathmind-k8s-local"
                    ],
                    "primary": {
                        "id": "sgrule-678952594",
                        "attributes": {
                            "from_port": "0",
                            "id": "sgrule-678952594",
                            "protocol": "-1",
                            "security_group_id": "sg-0a8972d9e8337235b",
                            "self": "false",
                            "source_security_group_id": "sg-0c64c1a98b283aecc",
                            "to_port": "0",
                            "type": "ingress"
                        },
                        "meta": {
                            "schema_version": "2"
                        },
                        "tainted": false
                    },
                    "deposed": [],
                    "provider": "module.kubernetes.provider.aws"
                },
                "aws_security_group_rule.all-node-to-node": {
                    "type": "aws_security_group_rule",
                    "depends_on": [
                        "aws_security_group.nodes-pathmind-k8s-local"
                    ],
                    "primary": {
                        "id": "sgrule-1909057688",
                        "attributes": {
                            "from_port": "0",
                            "id": "sgrule-1909057688",
                            "protocol": "-1",
                            "security_group_id": "sg-0a8972d9e8337235b",
                            "self": "false",
                            "source_security_group_id": "sg-0a8972d9e8337235b",
                            "to_port": "0",
                            "type": "ingress"
                        },
                        "meta": {
                            "schema_version": "2"
                        },
                        "tainted": false
                    },
                    "deposed": [],
                    "provider": "module.kubernetes.provider.aws"
                },
                "aws_security_group_rule.api-elb-egress": {
                    "type": "aws_security_group_rule",
                    "depends_on": [
                        "aws_security_group.api-elb-pathmind-k8s-local"
                    ],
                    "primary": {
                        "id": "sgrule-637693724",
                        "attributes": {
                            "cidr_blocks.#": "1",
                            "cidr_blocks.0": "0.0.0.0/0",
                            "from_port": "0",
                            "id": "sgrule-637693724",
                            "protocol": "-1",
                            "security_group_id": "sg-001aaf0d24e3e3b5e",
                            "self": "false",
                            "to_port": "0",
                            "type": "egress"
                        },
                        "meta": {
                            "schema_version": "2"
                        },
                        "tainted": false
                    },
                    "deposed": [],
                    "provider": "module.kubernetes.provider.aws"
                },
                "aws_security_group_rule.https-api-elb-0-0-0-0--0": {
                    "type": "aws_security_group_rule",
                    "depends_on": [
                        "aws_security_group.api-elb-pathmind-k8s-local"
                    ],
                    "primary": {
                        "id": "sgrule-3139491656",
                        "attributes": {
                            "cidr_blocks.#": "1",
                            "cidr_blocks.0": "0.0.0.0/0",
                            "from_port": "443",
                            "id": "sgrule-3139491656",
                            "protocol": "tcp",
                            "security_group_id": "sg-001aaf0d24e3e3b5e",
                            "self": "false",
                            "to_port": "443",
                            "type": "ingress"
                        },
                        "meta": {
                            "schema_version": "2"
                        },
                        "tainted": false
                    },
                    "deposed": [],
                    "provider": "module.kubernetes.provider.aws"
                },
                "aws_security_group_rule.https-elb-to-master": {
                    "type": "aws_security_group_rule",
                    "depends_on": [
                        "aws_security_group.api-elb-pathmind-k8s-local",
                        "aws_security_group.masters-pathmind-k8s-local"
                    ],
                    "primary": {
                        "id": "sgrule-3722824967",
                        "attributes": {
                            "from_port": "443",
                            "id": "sgrule-3722824967",
                            "protocol": "tcp",
                            "security_group_id": "sg-0c64c1a98b283aecc",
                            "self": "false",
                            "source_security_group_id": "sg-001aaf0d24e3e3b5e",
                            "to_port": "443",
                            "type": "ingress"
                        },
                        "meta": {
                            "schema_version": "2"
                        },
                        "tainted": false
                    },
                    "deposed": [],
                    "provider": "module.kubernetes.provider.aws"
                },
                "aws_security_group_rule.icmp-pmtu-api-elb-0-0-0-0--0": {
                    "type": "aws_security_group_rule",
                    "depends_on": [
                        "aws_security_group.api-elb-pathmind-k8s-local"
                    ],
                    "primary": {
                        "id": "sgrule-4081245611",
                        "attributes": {
                            "cidr_blocks.#": "1",
                            "cidr_blocks.0": "0.0.0.0/0",
                            "from_port": "3",
                            "id": "sgrule-4081245611",
                            "protocol": "icmp",
                            "security_group_id": "sg-001aaf0d24e3e3b5e",
                            "self": "false",
                            "to_port": "4",
                            "type": "ingress"
                        },
                        "meta": {
                            "schema_version": "2"
                        },
                        "tainted": false
                    },
                    "deposed": [],
                    "provider": "module.kubernetes.provider.aws"
                },
                "aws_security_group_rule.master-egress": {
                    "type": "aws_security_group_rule",
                    "depends_on": [
                        "aws_security_group.masters-pathmind-k8s-local"
                    ],
                    "primary": {
                        "id": "sgrule-2886970165",
                        "attributes": {
                            "cidr_blocks.#": "1",
                            "cidr_blocks.0": "0.0.0.0/0",
                            "from_port": "0",
                            "id": "sgrule-2886970165",
                            "protocol": "-1",
                            "security_group_id": "sg-0c64c1a98b283aecc",
                            "self": "false",
                            "to_port": "0",
                            "type": "egress"
                        },
                        "meta": {
                            "schema_version": "2"
                        },
                        "tainted": false
                    },
                    "deposed": [],
                    "provider": "module.kubernetes.provider.aws"
                },
                "aws_security_group_rule.node-egress": {
                    "type": "aws_security_group_rule",
                    "depends_on": [
                        "aws_security_group.nodes-pathmind-k8s-local"
                    ],
                    "primary": {
                        "id": "sgrule-648089247",
                        "attributes": {
                            "cidr_blocks.#": "1",
                            "cidr_blocks.0": "0.0.0.0/0",
                            "from_port": "0",
                            "id": "sgrule-648089247",
                            "protocol": "-1",
                            "security_group_id": "sg-0a8972d9e8337235b",
                            "self": "false",
                            "to_port": "0",
                            "type": "egress"
                        },
                        "meta": {
                            "schema_version": "2"
                        },
                        "tainted": false
                    },
                    "deposed": [],
                    "provider": "module.kubernetes.provider.aws"
                },
                "aws_security_group_rule.node-to-master-tcp-1-2379": {
                    "type": "aws_security_group_rule",
                    "depends_on": [
                        "aws_security_group.masters-pathmind-k8s-local",
                        "aws_security_group.nodes-pathmind-k8s-local"
                    ],
                    "primary": {
                        "id": "sgrule-429171730",
                        "attributes": {
                            "from_port": "1",
                            "id": "sgrule-429171730",
                            "protocol": "tcp",
                            "security_group_id": "sg-0c64c1a98b283aecc",
                            "self": "false",
                            "source_security_group_id": "sg-0a8972d9e8337235b",
                            "to_port": "2379",
                            "type": "ingress"
                        },
                        "meta": {
                            "schema_version": "2"
                        },
                        "tainted": false
                    },
                    "deposed": [],
                    "provider": "module.kubernetes.provider.aws"
                },
                "aws_security_group_rule.node-to-master-tcp-2382-4000": {
                    "type": "aws_security_group_rule",
                    "depends_on": [
                        "aws_security_group.masters-pathmind-k8s-local",
                        "aws_security_group.nodes-pathmind-k8s-local"
                    ],
                    "primary": {
                        "id": "sgrule-3344705290",
                        "attributes": {
                            "from_port": "2382",
                            "id": "sgrule-3344705290",
                            "protocol": "tcp",
                            "security_group_id": "sg-0c64c1a98b283aecc",
                            "self": "false",
                            "source_security_group_id": "sg-0a8972d9e8337235b",
                            "to_port": "4000",
                            "type": "ingress"
                        },
                        "meta": {
                            "schema_version": "2"
                        },
                        "tainted": false
                    },
                    "deposed": [],
                    "provider": "module.kubernetes.provider.aws"
                },
                "aws_security_group_rule.node-to-master-tcp-4003-65535": {
                    "type": "aws_security_group_rule",
                    "depends_on": [
                        "aws_security_group.masters-pathmind-k8s-local",
                        "aws_security_group.nodes-pathmind-k8s-local"
                    ],
                    "primary": {
                        "id": "sgrule-1746417877",
                        "attributes": {
                            "from_port": "4003",
                            "id": "sgrule-1746417877",
                            "protocol": "tcp",
                            "security_group_id": "sg-0c64c1a98b283aecc",
                            "self": "false",
                            "source_security_group_id": "sg-0a8972d9e8337235b",
                            "to_port": "65535",
                            "type": "ingress"
                        },
                        "meta": {
                            "schema_version": "2"
                        },
                        "tainted": false
                    },
                    "deposed": [],
                    "provider": "module.kubernetes.provider.aws"
                },
                "aws_security_group_rule.node-to-master-udp-1-65535": {
                    "type": "aws_security_group_rule",
                    "depends_on": [
                        "aws_security_group.masters-pathmind-k8s-local",
                        "aws_security_group.nodes-pathmind-k8s-local"
                    ],
                    "primary": {
                        "id": "sgrule-3871505712",
                        "attributes": {
                            "from_port": "1",
                            "id": "sgrule-3871505712",
                            "protocol": "udp",
                            "security_group_id": "sg-0c64c1a98b283aecc",
                            "self": "false",
                            "source_security_group_id": "sg-0a8972d9e8337235b",
                            "to_port": "65535",
                            "type": "ingress"
                        },
                        "meta": {
                            "schema_version": "2"
                        },
                        "tainted": false
                    },
                    "deposed": [],
                    "provider": "module.kubernetes.provider.aws"
                },
                "aws_security_group_rule.ssh-external-to-master-0-0-0-0--0": {
                    "type": "aws_security_group_rule",
                    "depends_on": [
                        "aws_security_group.masters-pathmind-k8s-local"
                    ],
                    "primary": {
                        "id": "sgrule-4116562337",
                        "attributes": {
                            "cidr_blocks.#": "1",
                            "cidr_blocks.0": "0.0.0.0/0",
                            "from_port": "22",
                            "id": "sgrule-4116562337",
                            "protocol": "tcp",
                            "security_group_id": "sg-0c64c1a98b283aecc",
                            "self": "false",
                            "to_port": "22",
                            "type": "ingress"
                        },
                        "meta": {
                            "schema_version": "2"
                        },
                        "tainted": false
                    },
                    "deposed": [],
                    "provider": "module.kubernetes.provider.aws"
                },
                "aws_security_group_rule.ssh-external-to-node-0-0-0-0--0": {
                    "type": "aws_security_group_rule",
                    "depends_on": [
                        "aws_security_group.nodes-pathmind-k8s-local"
                    ],
                    "primary": {
                        "id": "sgrule-1998052449",
                        "attributes": {
                            "cidr_blocks.#": "1",
                            "cidr_blocks.0": "0.0.0.0/0",
                            "from_port": "22",
                            "id": "sgrule-1998052449",
                            "protocol": "tcp",
                            "security_group_id": "sg-0a8972d9e8337235b",
                            "self": "false",
                            "to_port": "22",
                            "type": "ingress"
                        },
                        "meta": {
                            "schema_version": "2"
                        },
                        "tainted": false
                    },
                    "deposed": [],
                    "provider": "module.kubernetes.provider.aws"
                },
                "aws_subnet.us-east-1a-pathmind-k8s-local": {
                    "type": "aws_subnet",
                    "depends_on": [
                        "aws_vpc.pathmind-k8s-local"
                    ],
                    "primary": {
                        "id": "subnet-08090438f968e8746",
                        "attributes": {
                            "arn": "arn:aws:ec2:us-east-1:839270835622:subnet/subnet-08090438f968e8746",
                            "assign_ipv6_address_on_creation": "false",
                            "availability_zone": "us-east-1a",
                            "availability_zone_id": "use1-az2",
                            "cidr_block": "172.20.32.0/19",
                            "id": "subnet-08090438f968e8746",
                            "ipv6_cidr_block": "",
                            "ipv6_cidr_block_association_id": "",
                            "map_public_ip_on_launch": "false",
                            "owner_id": "839270835622",
                            "tags.%": "5",
                            "tags.KubernetesCluster": "pathmind.k8s.local",
                            "tags.Name": "us-east-1a.pathmind.k8s.local",
                            "tags.SubnetType": "Private",
                            "tags.kubernetes.io/cluster/pathmind.k8s.local": "owned",
                            "tags.kubernetes.io/role/internal-elb": "1",
                            "vpc_id": "vpc-0265a7f4aad920f5c"
                        },
                        "meta": {
                            "e2bfb730-ecaa-11e6-8f88-34363bc7c4c0": {
                                "create": 600000000000,
                                "delete": 1200000000000
                            },
                            "schema_version": "1"
                        },
                        "tainted": false
                    },
                    "deposed": [],
                    "provider": "module.kubernetes.provider.aws"
                },
                "aws_subnet.us-east-1b-pathmind-k8s-local": {
                    "type": "aws_subnet",
                    "depends_on": [
                        "aws_vpc.pathmind-k8s-local"
                    ],
                    "primary": {
                        "id": "subnet-024d7948c414ee122",
                        "attributes": {
                            "arn": "arn:aws:ec2:us-east-1:839270835622:subnet/subnet-024d7948c414ee122",
                            "assign_ipv6_address_on_creation": "false",
                            "availability_zone": "us-east-1b",
                            "availability_zone_id": "use1-az4",
                            "cidr_block": "172.20.64.0/19",
                            "id": "subnet-024d7948c414ee122",
                            "ipv6_cidr_block": "",
                            "ipv6_cidr_block_association_id": "",
                            "map_public_ip_on_launch": "false",
                            "owner_id": "839270835622",
                            "tags.%": "5",
                            "tags.KubernetesCluster": "pathmind.k8s.local",
                            "tags.Name": "us-east-1b.pathmind.k8s.local",
                            "tags.SubnetType": "Private",
                            "tags.kubernetes.io/cluster/pathmind.k8s.local": "owned",
                            "tags.kubernetes.io/role/internal-elb": "1",
                            "vpc_id": "vpc-0265a7f4aad920f5c"
                        },
                        "meta": {
                            "e2bfb730-ecaa-11e6-8f88-34363bc7c4c0": {
                                "create": 600000000000,
                                "delete": 1200000000000
                            },
                            "schema_version": "1"
                        },
                        "tainted": false
                    },
                    "deposed": [],
                    "provider": "module.kubernetes.provider.aws"
                },
                "aws_subnet.utility-us-east-1a-pathmind-k8s-local": {
                    "type": "aws_subnet",
                    "depends_on": [
                        "aws_vpc.pathmind-k8s-local"
                    ],
                    "primary": {
                        "id": "subnet-0867b08c6b7dc8018",
                        "attributes": {
                            "arn": "arn:aws:ec2:us-east-1:839270835622:subnet/subnet-0867b08c6b7dc8018",
                            "assign_ipv6_address_on_creation": "false",
                            "availability_zone": "us-east-1a",
                            "availability_zone_id": "use1-az2",
                            "cidr_block": "172.20.0.0/22",
                            "id": "subnet-0867b08c6b7dc8018",
                            "ipv6_cidr_block": "",
                            "ipv6_cidr_block_association_id": "",
                            "map_public_ip_on_launch": "false",
                            "owner_id": "839270835622",
                            "tags.%": "5",
                            "tags.KubernetesCluster": "pathmind.k8s.local",
                            "tags.Name": "utility-us-east-1a.pathmind.k8s.local",
                            "tags.SubnetType": "Utility",
                            "tags.kubernetes.io/cluster/pathmind.k8s.local": "owned",
                            "tags.kubernetes.io/role/elb": "1",
                            "vpc_id": "vpc-0265a7f4aad920f5c"
                        },
                        "meta": {
                            "e2bfb730-ecaa-11e6-8f88-34363bc7c4c0": {
                                "create": 600000000000,
                                "delete": 1200000000000
                            },
                            "schema_version": "1"
                        },
                        "tainted": false
                    },
                    "deposed": [],
                    "provider": "module.kubernetes.provider.aws"
                },
                "aws_subnet.utility-us-east-1b-pathmind-k8s-local": {
                    "type": "aws_subnet",
                    "depends_on": [
                        "aws_vpc.pathmind-k8s-local"
                    ],
                    "primary": {
                        "id": "subnet-02185fb5afa7a3de0",
                        "attributes": {
                            "arn": "arn:aws:ec2:us-east-1:839270835622:subnet/subnet-02185fb5afa7a3de0",
                            "assign_ipv6_address_on_creation": "false",
                            "availability_zone": "us-east-1b",
                            "availability_zone_id": "use1-az4",
                            "cidr_block": "172.20.4.0/22",
                            "id": "subnet-02185fb5afa7a3de0",
                            "ipv6_cidr_block": "",
                            "ipv6_cidr_block_association_id": "",
                            "map_public_ip_on_launch": "false",
                            "owner_id": "839270835622",
                            "tags.%": "5",
                            "tags.KubernetesCluster": "pathmind.k8s.local",
                            "tags.Name": "utility-us-east-1b.pathmind.k8s.local",
                            "tags.SubnetType": "Utility",
                            "tags.kubernetes.io/cluster/pathmind.k8s.local": "owned",
                            "tags.kubernetes.io/role/elb": "1",
                            "vpc_id": "vpc-0265a7f4aad920f5c"
                        },
                        "meta": {
                            "e2bfb730-ecaa-11e6-8f88-34363bc7c4c0": {
                                "create": 600000000000,
                                "delete": 1200000000000
                            },
                            "schema_version": "1"
                        },
                        "tainted": false
                    },
                    "deposed": [],
                    "provider": "module.kubernetes.provider.aws"
                },
                "aws_vpc.pathmind-k8s-local": {
                    "type": "aws_vpc",
                    "depends_on": [],
                    "primary": {
                        "id": "vpc-0265a7f4aad920f5c",
                        "attributes": {
                            "arn": "arn:aws:ec2:us-east-1:839270835622:vpc/vpc-0265a7f4aad920f5c",
                            "assign_generated_ipv6_cidr_block": "false",
                            "cidr_block": "172.20.0.0/16",
                            "default_network_acl_id": "acl-080a4d52b941799d5",
                            "default_route_table_id": "rtb-01b108e74a3507665",
                            "default_security_group_id": "sg-0ded99054018a512b",
                            "dhcp_options_id": "dopt-457e8d3f",
                            "enable_classiclink": "false",
                            "enable_classiclink_dns_support": "false",
                            "enable_dns_hostnames": "true",
                            "enable_dns_support": "true",
                            "id": "vpc-0265a7f4aad920f5c",
                            "instance_tenancy": "default",
                            "ipv6_association_id": "",
                            "ipv6_cidr_block": "",
                            "main_route_table_id": "rtb-01b108e74a3507665",
                            "owner_id": "839270835622",
                            "tags.%": "3",
                            "tags.KubernetesCluster": "pathmind.k8s.local",
                            "tags.Name": "pathmind.k8s.local",
                            "tags.kubernetes.io/cluster/pathmind.k8s.local": "owned"
                        },
                        "meta": {
                            "schema_version": "1"
                        },
                        "tainted": false
                    },
                    "deposed": [],
                    "provider": "module.kubernetes.provider.aws"
                },
                "aws_vpc_dhcp_options.pathmind-k8s-local": {
                    "type": "aws_vpc_dhcp_options",
                    "depends_on": [],
                    "primary": {
                        "id": "dopt-01d358cceeb13970e",
                        "attributes": {
                            "domain_name": "ec2.internal",
                            "domain_name_servers.#": "1",
                            "domain_name_servers.0": "AmazonProvidedDNS",
                            "id": "dopt-01d358cceeb13970e",
                            "owner_id": "839270835622",
                            "tags.%": "3",
                            "tags.KubernetesCluster": "pathmind.k8s.local",
                            "tags.Name": "pathmind.k8s.local",
                            "tags.kubernetes.io/cluster/pathmind.k8s.local": "owned"
                        },
                        "meta": {},
                        "tainted": false
                    },
                    "deposed": [],
                    "provider": "module.kubernetes.provider.aws"
                },
                "aws_vpc_dhcp_options_association.pathmind-k8s-local": {
                    "type": "aws_vpc_dhcp_options_association",
                    "depends_on": [
                        "aws_vpc.pathmind-k8s-local",
                        "aws_vpc_dhcp_options.pathmind-k8s-local"
                    ],
                    "primary": {
                        "id": "dopt-01d358cceeb13970e-vpc-0265a7f4aad920f5c",
                        "attributes": {
                            "dhcp_options_id": "dopt-01d358cceeb13970e",
                            "id": "dopt-01d358cceeb13970e-vpc-0265a7f4aad920f5c",
                            "vpc_id": "vpc-0265a7f4aad920f5c"
                        },
                        "meta": {},
                        "tainted": false
                    },
                    "deposed": [],
                    "provider": "module.kubernetes.provider.aws"
                }
            },
            "depends_on": []
        }
    ]
}
