dependencies:
- name: elasticsearch
  repository: file://../elasticsearch
  version: 0.1.6
- name: fluent-bit
  repository: https://kubernetes-charts.storage.googleapis.com/
  version: 1.3.0
- name: filebeat
  repository: https://kubernetes-charts.storage.googleapis.com/
  version: 1.7.0
- name: elasticsearch-curator
  repository: https://kubernetes-charts.storage.googleapis.com/
  version: 1.0.1
- name: kibana
  repository: https://kubernetes-charts.storage.googleapis.com/
  version: 2.0.0
- name: metricbeat
  repository: https://kubernetes-charts.storage.googleapis.com/
  version: 1.7.0
digest: sha256:855f2f2684e4e9c376a27c30d810d61a4149a88804787f313021fc66b18a3ab5
generated: "2019-12-26T16:40:30.384017091-05:00"
